
Microsoft Visual Studio Solution File, Format Version 12.00
# Visual Studio Version 17
VisualStudioVersion = 17.8.34511.84
MinimumVisualStudioVersion = 10.0.40219.1
Project("{FAE04EC0-301F-11D3-BF4B-00C04F79EFBC}") = "Assignment2", "Assignment2.csproj", "{54AACB96-8AB6-441E-B7D9-F4F840C6859C}"
EndProject
Global
	GlobalSection(SolutionConfigurationPlatforms) = preSolution
		Debug|Any CPU = Debug|Any CPU
		Release|Any CPU = Release|Any CPU
	EndGlobalSection
	GlobalSection(ProjectConfigurationPlatforms) = postSolution
		{54AACB96-8AB6-441E-B7D9-F4F840C6859C}.Debug|Any CPU.ActiveCfg = Debug|Any CPU
		{54AACB96-8AB6-441E-B7D9-F4F840C6859C}.Debug|Any CPU.Build.0 = Debug|Any CPU
		{54AACB96-8AB6-441E-B7D9-F4F840C6859C}.Release|Any CPU.ActiveCfg = Release|Any CPU
		{54AACB96-8AB6-441E-B7D9-F4F840C6859C}.Release|Any CPU.Build.0 = Release|Any CPU
	EndGlobalSection
	GlobalSection(SolutionProperties) = preSolution
		HideSolutionNode = FALSE
	EndGlobalSection
	GlobalSection(ExtensibilityGlobals) = postSolution
		SolutionGuid = {21C0A769-3AAE-498A-A0F7-F38D81199C66}
	EndGlobalSection
EndGlobal
